
Microsoft Visual Studio Solution File, Format Version 12.00
# Visual Studio Version 17
VisualStudioVersion = 17.5.002.0
MinimumVisualStudioVersion = 10.0.40219.1
Project("{9A19103F-16F7-4668-BE54-9A1E7A4F7556}") = "FilmesAPI", "FilmesAPI.csproj", "{EE9F7F21-BED1-477D-9254-28F5032A149C}"
EndProject
Global
	GlobalSection(SolutionConfigurationPlatforms) = preSolution
		Debug|Any CPU = Debug|Any CPU
		Release|Any CPU = Release|Any CPU
	EndGlobalSection
	GlobalSection(ProjectConfigurationPlatforms) = postSolution
		{EE9F7F21-BED1-477D-9254-28F5032A149C}.Debug|Any CPU.ActiveCfg = Debug|Any CPU
		{EE9F7F21-BED1-477D-9254-28F5032A149C}.Debug|Any CPU.Build.0 = Debug|Any CPU
		{EE9F7F21-BED1-477D-9254-28F5032A149C}.Release|Any CPU.ActiveCfg = Release|Any CPU
		{EE9F7F21-BED1-477D-9254-28F5032A149C}.Release|Any CPU.Build.0 = Release|Any CPU
	EndGlobalSection
	GlobalSection(SolutionProperties) = preSolution
		HideSolutionNode = FALSE
	EndGlobalSection
	GlobalSection(ExtensibilityGlobals) = postSolution
		SolutionGuid = {0A82A628-604F-4FCF-A0D3-5FAF3035A6BB}
	EndGlobalSection
EndGlobal
